
Microsoft Visual Studio Solution File, Format Version 12.00
# Visual Studio Version 17
VisualStudioVersion = 17.6.33712.159
MinimumVisualStudioVersion = 10.0.40219.1
Project("{FAE04EC0-301F-11D3-BF4B-00C04F79EFBC}") = "LeetcodeDemo", "LeetcodeDemo\LeetcodeDemo.csproj", "{29F617EF-CCE1-4F03-A7D6-3696386E4044}"
EndProject
Global
	GlobalSection(SolutionConfigurationPlatforms) = preSolution
		Debug|Any CPU = Debug|Any CPU
		Release|Any CPU = Release|Any CPU
	EndGlobalSection
	GlobalSection(ProjectConfigurationPlatforms) = postSolution
		{29F617EF-CCE1-4F03-A7D6-3696386E4044}.Debug|Any CPU.ActiveCfg = Debug|Any CPU
		{29F617EF-CCE1-4F03-A7D6-3696386E4044}.Debug|Any CPU.Build.0 = Debug|Any CPU
		{29F617EF-CCE1-4F03-A7D6-3696386E4044}.Release|Any CPU.ActiveCfg = Release|Any CPU
		{29F617EF-CCE1-4F03-A7D6-3696386E4044}.Release|Any CPU.Build.0 = Release|Any CPU
	EndGlobalSection
	GlobalSection(SolutionProperties) = preSolution
		HideSolutionNode = FALSE
	EndGlobalSection
	GlobalSection(ExtensibilityGlobals) = postSolution
		SolutionGuid = {90058745-5143-471A-A9A0-9A97603F0FAA}
	EndGlobalSection
EndGlobal
